# This file is automatically @generated by Cargo.
# It is not intended for manual editing.
[[package]]
name = "day11"
version = "0.1.0"

[[package]]
name = "day12"
version = "0.1.0"

[[package]]
name = "day14"
version = "0.1.0"

[[package]]
name = "day16"
version = "0.1.0"

[[package]]
name = "day20"
version = "0.1.0"

[[package]]
name = "old_days"
version = "0.1.0"

